
Microsoft Visual Studio Solution File, Format Version 12.00
# Visual Studio Version 17
VisualStudioVersion = 17.9.34902.65
MinimumVisualStudioVersion = 10.0.40219.1
Project("{FAE04EC0-301F-11D3-BF4B-00C04F79EFBC}") = "Sudoko_wpf", "Sudoko_wpf\Sudoko_wpf.csproj", "{19082A71-C493-4180-BF59-3AD8812FF34B}"
EndProject
Global
	GlobalSection(SolutionConfigurationPlatforms) = preSolution
		Debug|Any CPU = Debug|Any CPU
		Release|Any CPU = Release|Any CPU
	EndGlobalSection
	GlobalSection(ProjectConfigurationPlatforms) = postSolution
		{19082A71-C493-4180-BF59-3AD8812FF34B}.Debug|Any CPU.ActiveCfg = Debug|Any CPU
		{19082A71-C493-4180-BF59-3AD8812FF34B}.Debug|Any CPU.Build.0 = Debug|Any CPU
		{19082A71-C493-4180-BF59-3AD8812FF34B}.Release|Any CPU.ActiveCfg = Release|Any CPU
		{19082A71-C493-4180-BF59-3AD8812FF34B}.Release|Any CPU.Build.0 = Release|Any CPU
	EndGlobalSection
	GlobalSection(SolutionProperties) = preSolution
		HideSolutionNode = FALSE
	EndGlobalSection
	GlobalSection(ExtensibilityGlobals) = postSolution
		SolutionGuid = {5801B54D-2359-4A14-8F0F-218986703C40}
	EndGlobalSection
EndGlobal
